// !$*UTF8*$!
{
	archiveVersion = 1;
	classes = {
	};
	objectVersion = 48;
	objects = {

/* Begin PBXBuildFile section */
		9A9CE11E204CD3C300ABE7CE /* AppDelegate.swift in Sources */ = {isa = PBXBuildFile; fileRef = 9A9CE11D204CD3C300ABE7CE /* AppDelegate.swift */; };
		9A9CE120204CD3C300ABE7CE /* ViewController.swift in Sources */ = {isa = PBXBuildFile; fileRef = 9A9CE11F204CD3C300ABE7CE /* ViewController.swift */; };
		9A9CE123204CD3C300ABE7CE /* Main.storyboard in Resources */ = {isa = PBXBuildFile; fileRef = 9A9CE121204CD3C300ABE7CE /* Main.storyboard */; };
		9A9CE125204CD3C300ABE7CE /* Assets.xcassets in Resources */ = {isa = PBXBuildFile; fileRef = 9A9CE124204CD3C300ABE7CE /* Assets.xcassets */; };
		9A9CE128204CD3C300ABE7CE /* LaunchScreen.storyboard in Resources */ = {isa = PBXBuildFile; fileRef = 9A9CE126204CD3C300ABE7CE /* LaunchScreen.storyboard */; };
		9A9CE133204CD3C300ABE7CE /* ContainerViewBehaviorTests.swift in Sources */ = {isa = PBXBuildFile; fileRef = 9A9CE132204CD3C300ABE7CE /* ContainerViewBehaviorTests.swift */; };
		9A9CE13E204CD3C300ABE7CE /* ContainerViewBehaviorUITests.swift in Sources */ = {isa = PBXBuildFile; fileRef = 9A9CE13D204CD3C300ABE7CE /* ContainerViewBehaviorUITests.swift */; };
		9A9CE14C204CD4C000ABE7CE /* ViewControllerCode.storyboard in Resources */ = {isa = PBXBuildFile; fileRef = 9A9CE14B204CD4C000ABE7CE /* ViewControllerCode.storyboard */; };
		9A9CE14E204CD4D100ABE7CE /* ViewControllerStoryboard.storyboard in Resources */ = {isa = PBXBuildFile; fileRef = 9A9CE14D204CD4D100ABE7CE /* ViewControllerStoryboard.storyboard */; };
		9A9CE150204CD54600ABE7CE /* ViewControllerCode.swift in Sources */ = {isa = PBXBuildFile; fileRef = 9A9CE14F204CD54600ABE7CE /* ViewControllerCode.swift */; };
		9A9CE152204CD55100ABE7CE /* ViewControllerStoryboard.swift in Sources */ = {isa = PBXBuildFile; fileRef = 9A9CE151204CD55100ABE7CE /* ViewControllerStoryboard.swift */; };
/* End PBXBuildFile section */

/* Begin PBXContainerItemProxy section */
		9A9CE12F204CD3C300ABE7CE /* PBXContainerItemProxy */ = {
			isa = PBXContainerItemProxy;
			containerPortal = 9A9CE112204CD3C300ABE7CE /* Project object */;
			proxyType = 1;
			remoteGlobalIDString = 9A9CE119204CD3C300ABE7CE;
			remoteInfo = ContainerViewBehavior;
		};
		9A9CE13A204CD3C300ABE7CE /* PBXContainerItemProxy */ = {
			isa = PBXContainerItemProxy;
			containerPortal = 9A9CE112204CD3C300ABE7CE /* Project object */;
			proxyType = 1;
			remoteGlobalIDString = 9A9CE119204CD3C300ABE7CE;
			remoteInfo = ContainerViewBehavior;
		};
/* End PBXContainerItemProxy section */

/* Begin PBXFileReference section */
		9A9CE11A204CD3C300ABE7CE /* ContainerViewBehavior.app */ = {isa = PBXFileReference; explicitFileType = wrapper.application; includeInIndex = 0; path = ContainerViewBehavior.app; sourceTree = BUILT_PRODUCTS_DIR; };
		9A9CE11D204CD3C300ABE7CE /* AppDelegate.swift */ = {isa = PBXFileReference; lastKnownFileType = sourcecode.swift; path = AppDelegate.swift; sourceTree = "<group>"; };
		9A9CE11F204CD3C300ABE7CE /* ViewController.swift */ = {isa = PBXFileReference; lastKnownFileType = sourcecode.swift; path = ViewController.swift; sourceTree = "<group>"; };
		9A9CE122204CD3C300ABE7CE /* Base */ = {isa = PBXFileReference; lastKnownFileType = file.storyboard; name = Base; path = Base.lproj/Main.storyboard; sourceTree = "<group>"; };
		9A9CE124204CD3C300ABE7CE /* Assets.xcassets */ = {isa = PBXFileReference; lastKnownFileType = folder.assetcatalog; path = Assets.xcassets; sourceTree = "<group>"; };
		9A9CE127204CD3C300ABE7CE /* Base */ = {isa = PBXFileReference; lastKnownFileType = file.storyboard; name = Base; path = Base.lproj/LaunchScreen.storyboard; sourceTree = "<group>"; };
		9A9CE129204CD3C300ABE7CE /* Info.plist */ = {isa = PBXFileReference; lastKnownFileType = text.plist.xml; path = Info.plist; sourceTree = "<group>"; };
		9A9CE12E204CD3C300ABE7CE /* ContainerViewBehaviorTests.xctest */ = {isa = PBXFileReference; explicitFileType = wrapper.cfbundle; includeInIndex = 0; path = ContainerViewBehaviorTests.xctest; sourceTree = BUILT_PRODUCTS_DIR; };
		9A9CE132204CD3C300ABE7CE /* ContainerViewBehaviorTests.swift */ = {isa = PBXFileReference; lastKnownFileType = sourcecode.swift; path = ContainerViewBehaviorTests.swift; sourceTree = "<group>"; };
		9A9CE134204CD3C300ABE7CE /* Info.plist */ = {isa = PBXFileReference; lastKnownFileType = text.plist.xml; path = Info.plist; sourceTree = "<group>"; };
		9A9CE139204CD3C300ABE7CE /* ContainerViewBehaviorUITests.xctest */ = {isa = PBXFileReference; explicitFileType = wrapper.cfbundle; includeInIndex = 0; path = ContainerViewBehaviorUITests.xctest; sourceTree = BUILT_PRODUCTS_DIR; };
		9A9CE13D204CD3C300ABE7CE /* ContainerViewBehaviorUITests.swift */ = {isa = PBXFileReference; lastKnownFileType = sourcecode.swift; path = ContainerViewBehaviorUITests.swift; sourceTree = "<group>"; };
		9A9CE13F204CD3C300ABE7CE /* Info.plist */ = {isa = PBXFileReference; lastKnownFileType = text.plist.xml; path = Info.plist; sourceTree = "<group>"; };
		9A9CE14B204CD4C000ABE7CE /* ViewControllerCode.storyboard */ = {isa = PBXFileReference; lastKnownFileType = file.storyboard; path = ViewControllerCode.storyboard; sourceTree = "<group>"; };
		9A9CE14D204CD4D100ABE7CE /* ViewControllerStoryboard.storyboard */ = {isa = PBXFileReference; lastKnownFileType = file.storyboard; path = ViewControllerStoryboard.storyboard; sourceTree = "<group>"; };
		9A9CE14F204CD54600ABE7CE /* ViewControllerCode.swift */ = {isa = PBXFileReference; lastKnownFileType = sourcecode.swift; path = ViewControllerCode.swift; sourceTree = "<group>"; };
		9A9CE151204CD55100ABE7CE /* ViewControllerStoryboard.swift */ = {isa = PBXFileReference; lastKnownFileType = sourcecode.swift; path = ViewControllerStoryboard.swift; sourceTree = "<group>"; };
/* End PBXFileReference section */

/* Begin PBXFrameworksBuildPhase section */
		9A9CE117204CD3C300ABE7CE /* Frameworks */ = {
			isa = PBXFrameworksBuildPhase;
			buildActionMask = 2147483647;
			files = (
			);
			runOnlyForDeploymentPostprocessing = 0;
		};
		9A9CE12B204CD3C300ABE7CE /* Frameworks */ = {
			isa = PBXFrameworksBuildPhase;
			buildActionMask = 2147483647;
			files = (
			);
			runOnlyForDeploymentPostprocessing = 0;
		};
		9A9CE136204CD3C300ABE7CE /* Frameworks */ = {
			isa = PBXFrameworksBuildPhase;
			buildActionMask = 2147483647;
			files = (
			);
			runOnlyForDeploymentPostprocessing = 0;
		};
/* End PBXFrameworksBuildPhase section */

/* Begin PBXGroup section */
		9A9CE111204CD3C300ABE7CE = {
			isa = PBXGroup;
			children = (
				9A9CE11C204CD3C300ABE7CE /* ContainerViewBehavior */,
				9A9CE131204CD3C300ABE7CE /* ContainerViewBehaviorTests */,
				9A9CE13C204CD3C300ABE7CE /* ContainerViewBehaviorUITests */,
				9A9CE11B204CD3C300ABE7CE /* Products */,
			);
			sourceTree = "<group>";
		};
		9A9CE11B204CD3C300ABE7CE /* Products */ = {
			isa = PBXGroup;
			children = (
				9A9CE11A204CD3C300ABE7CE /* ContainerViewBehavior.app */,
				9A9CE12E204CD3C300ABE7CE /* ContainerViewBehaviorTests.xctest */,
				9A9CE139204CD3C300ABE7CE /* ContainerViewBehaviorUITests.xctest */,
			);
			name = Products;
			sourceTree = "<group>";
		};
		9A9CE11C204CD3C300ABE7CE /* ContainerViewBehavior */ = {
			isa = PBXGroup;
			children = (
				9A9CE11D204CD3C300ABE7CE /* AppDelegate.swift */,
				9A9CE11F204CD3C300ABE7CE /* ViewController.swift */,
				9A9CE121204CD3C300ABE7CE /* Main.storyboard */,
				9A9CE124204CD3C300ABE7CE /* Assets.xcassets */,
				9A9CE126204CD3C300ABE7CE /* LaunchScreen.storyboard */,
				9A9CE129204CD3C300ABE7CE /* Info.plist */,
				9A9CE14B204CD4C000ABE7CE /* ViewControllerCode.storyboard */,
				9A9CE14F204CD54600ABE7CE /* ViewControllerCode.swift */,
				9A9CE14D204CD4D100ABE7CE /* ViewControllerStoryboard.storyboard */,
				9A9CE151204CD55100ABE7CE /* ViewControllerStoryboard.swift */,
			);
			path = ContainerViewBehavior;
			sourceTree = "<group>";
		};
		9A9CE131204CD3C300ABE7CE /* ContainerViewBehaviorTests */ = {
			isa = PBXGroup;
			children = (
				9A9CE132204CD3C300ABE7CE /* ContainerViewBehaviorTests.swift */,
				9A9CE134204CD3C300ABE7CE /* Info.plist */,
			);
			path = ContainerViewBehaviorTests;
			sourceTree = "<group>";
		};
		9A9CE13C204CD3C300ABE7CE /* ContainerViewBehaviorUITests */ = {
			isa = PBXGroup;
			children = (
				9A9CE13D204CD3C300ABE7CE /* ContainerViewBehaviorUITests.swift */,
				9A9CE13F204CD3C300ABE7CE /* Info.plist */,
			);
			path = ContainerViewBehaviorUITests;
			sourceTree = "<group>";
		};
/* End PBXGroup section */

/* Begin PBXNativeTarget section */
		9A9CE119204CD3C300ABE7CE /* ContainerViewBehavior */ = {
			isa = PBXNativeTarget;
			buildConfigurationList = 9A9CE142204CD3C300ABE7CE /* Build configuration list for PBXNativeTarget "ContainerViewBehavior" */;
			buildPhases = (
				9A9CE116204CD3C300ABE7CE /* Sources */,
				9A9CE117204CD3C300ABE7CE /* Frameworks */,
				9A9CE118204CD3C300ABE7CE /* Resources */,
			);
			buildRules = (
			);
			dependencies = (
			);
			name = ContainerViewBehavior;
			productName = ContainerViewBehavior;
			productReference = 9A9CE11A204CD3C300ABE7CE /* ContainerViewBehavior.app */;
			productType = "com.apple.product-type.application";
		};
		9A9CE12D204CD3C300ABE7CE /* ContainerViewBehaviorTests */ = {
			isa = PBXNativeTarget;
			buildConfigurationList = 9A9CE145204CD3C300ABE7CE /* Build configuration list for PBXNativeTarget "ContainerViewBehaviorTests" */;
			buildPhases = (
				9A9CE12A204CD3C300ABE7CE /* Sources */,
				9A9CE12B204CD3C300ABE7CE /* Frameworks */,
				9A9CE12C204CD3C300ABE7CE /* Resources */,
			);
			buildRules = (
			);
			dependencies = (
				9A9CE130204CD3C300ABE7CE /* PBXTargetDependency */,
			);
			name = ContainerViewBehaviorTests;
			productName = ContainerViewBehaviorTests;
			productReference = 9A9CE12E204CD3C300ABE7CE /* ContainerViewBehaviorTests.xctest */;
			productType = "com.apple.product-type.bundle.unit-test";
		};
		9A9CE138204CD3C300ABE7CE /* ContainerViewBehaviorUITests */ = {
			isa = PBXNativeTarget;
			buildConfigurationList = 9A9CE148204CD3C300ABE7CE /* Build configuration list for PBXNativeTarget "ContainerViewBehaviorUITests" */;
			buildPhases = (
				9A9CE135204CD3C300ABE7CE /* Sources */,
				9A9CE136204CD3C300ABE7CE /* Frameworks */,
				9A9CE137204CD3C300ABE7CE /* Resources */,
			);
			buildRules = (
			);
			dependencies = (
				9A9CE13B204CD3C300ABE7CE /* PBXTargetDependency */,
			);
			name = ContainerViewBehaviorUITests;
			productName = ContainerViewBehaviorUITests;
			productReference = 9A9CE139204CD3C300ABE7CE /* ContainerViewBehaviorUITests.xctest */;
			productType = "com.apple.product-type.bundle.ui-testing";
		};
/* End PBXNativeTarget section */

/* Begin PBXProject section */
		9A9CE112204CD3C300ABE7CE /* Project object */ = {
			isa = PBXProject;
			attributes = {
				LastSwiftUpdateCheck = 0920;
				LastUpgradeCheck = 0920;
				ORGANIZATIONNAME = aryzae;
				TargetAttributes = {
					9A9CE119204CD3C300ABE7CE = {
						CreatedOnToolsVersion = 9.2;
						ProvisioningStyle = Automatic;
					};
					9A9CE12D204CD3C300ABE7CE = {
						CreatedOnToolsVersion = 9.2;
						ProvisioningStyle = Automatic;
						TestTargetID = 9A9CE119204CD3C300ABE7CE;
					};
					9A9CE138204CD3C300ABE7CE = {
						CreatedOnToolsVersion = 9.2;
						ProvisioningStyle = Automatic;
						TestTargetID = 9A9CE119204CD3C300ABE7CE;
					};
				};
			};
			buildConfigurationList = 9A9CE115204CD3C300ABE7CE /* Build configuration list for PBXProject "ContainerViewBehavior" */;
			compatibilityVersion = "Xcode 8.0";
			developmentRegion = en;
			hasScannedForEncodings = 0;
			knownRegions = (
				en,
				Base,
			);
			mainGroup = 9A9CE111204CD3C300ABE7CE;
			productRefGroup = 9A9CE11B204CD3C300ABE7CE /* Products */;
			projectDirPath = "";
			projectRoot = "";
			targets = (
				9A9CE119204CD3C300ABE7CE /* ContainerViewBehavior */,
				9A9CE12D204CD3C300ABE7CE /* ContainerViewBehaviorTests */,
				9A9CE138204CD3C300ABE7CE /* ContainerViewBehaviorUITests */,
			);
		};
/* End PBXProject section */

/* Begin PBXResourcesBuildPhase section */
		9A9CE118204CD3C300ABE7CE /* Resources */ = {
			isa = PBXResourcesBuildPhase;
			buildActionMask = 2147483647;
			files = (
				9A9CE14E204CD4D100ABE7CE /* ViewControllerStoryboard.storyboard in Resources */,
				9A9CE128204CD3C300ABE7CE /* LaunchScreen.storyboard in Resources */,
				9A9CE125204CD3C300ABE7CE /* Assets.xcassets in Resources */,
				9A9CE14C204CD4C000ABE7CE /* ViewControllerCode.storyboard in Resources */,
				9A9CE123204CD3C300ABE7CE /* Main.storyboard in Resources */,
			);
			runOnlyForDeploymentPostprocessing = 0;
		};
		9A9CE12C204CD3C300ABE7CE /* Resources */ = {
			isa = PBXResourcesBuildPhase;
			buildActionMask = 2147483647;
			files = (
			);
			runOnlyForDeploymentPostprocessing = 0;
		};
		9A9CE137204CD3C300ABE7CE /* Resources */ = {
			isa = PBXResourcesBuildPhase;
			buildActionMask = 2147483647;
			files = (
			);
			runOnlyForDeploymentPostprocessing = 0;
		};
/* End PBXResourcesBuildPhase section */

/* Begin PBXSourcesBuildPhase section */
		9A9CE116204CD3C300ABE7CE /* Sources */ = {
			isa = PBXSourcesBuildPhase;
			buildActionMask = 2147483647;
			files = (
				9A9CE120204CD3C300ABE7CE /* ViewController.swift in Sources */,
				9A9CE152204CD55100ABE7CE /* ViewControllerStoryboard.swift in Sources */,
				9A9CE150204CD54600ABE7CE /* ViewControllerCode.swift in Sources */,
				9A9CE11E204CD3C300ABE7CE /* AppDelegate.swift in Sources */,
			);
			runOnlyForDeploymentPostprocessing = 0;
		};
		9A9CE12A204CD3C300ABE7CE /* Sources */ = {
			isa = PBXSourcesBuildPhase;
			buildActionMask = 2147483647;
			files = (
				9A9CE133204CD3C300ABE7CE /* ContainerViewBehaviorTests.swift in Sources */,
			);
			runOnlyForDeploymentPostprocessing = 0;
		};
		9A9CE135204CD3C300ABE7CE /* Sources */ = {
			isa = PBXSourcesBuildPhase;
			buildActionMask = 2147483647;
			files = (
				9A9CE13E204CD3C300ABE7CE /* ContainerViewBehaviorUITests.swift in Sources */,
			);
			runOnlyForDeploymentPostprocessing = 0;
		};
/* End PBXSourcesBuildPhase section */

/* Begin PBXTargetDependency section */
		9A9CE130204CD3C300ABE7CE /* PBXTargetDependency */ = {
			isa = PBXTargetDependency;
			target = 9A9CE119204CD3C300ABE7CE /* ContainerViewBehavior */;
			targetProxy = 9A9CE12F204CD3C300ABE7CE /* PBXContainerItemProxy */;
		};
		9A9CE13B204CD3C300ABE7CE /* PBXTargetDependency */ = {
			isa = PBXTargetDependency;
			target = 9A9CE119204CD3C300ABE7CE /* ContainerViewBehavior */;
			targetProxy = 9A9CE13A204CD3C300ABE7CE /* PBXContainerItemProxy */;
		};
/* End PBXTargetDependency section */

/* Begin PBXVariantGroup section */
		9A9CE121204CD3C300ABE7CE /* Main.storyboard */ = {
			isa = PBXVariantGroup;
			children = (
				9A9CE122204CD3C300ABE7CE /* Base */,
			);
			name = Main.storyboard;
			sourceTree = "<group>";
		};
		9A9CE126204CD3C300ABE7CE /* LaunchScreen.storyboard */ = {
			isa = PBXVariantGroup;
			children = (
				9A9CE127204CD3C300ABE7CE /* Base */,
			);
			name = LaunchScreen.storyboard;
			sourceTree = "<group>";
		};
/* End PBXVariantGroup section */

/* Begin XCBuildConfiguration section */
		9A9CE140204CD3C300ABE7CE /* Debug */ = {
			isa = XCBuildConfiguration;
			buildSettings = {
				ALWAYS_SEARCH_USER_PATHS = NO;
				CLANG_ANALYZER_NONNULL = YES;
				CLANG_ANALYZER_NUMBER_OBJECT_CONVERSION = YES_AGGRESSIVE;
				CLANG_CXX_LANGUAGE_STANDARD = "gnu++14";
				CLANG_CXX_LIBRARY = "libc++";
				CLANG_ENABLE_MODULES = YES;
				CLANG_ENABLE_OBJC_ARC = YES;
				CLANG_WARN_BLOCK_CAPTURE_AUTORELEASING = YES;
				CLANG_WARN_BOOL_CONVERSION = YES;
				CLANG_WARN_COMMA = YES;
				CLANG_WARN_CONSTANT_CONVERSION = YES;
				CLANG_WARN_DIRECT_OBJC_ISA_USAGE = YES_ERROR;
				CLANG_WARN_DOCUMENTATION_COMMENTS = YES;
				CLANG_WARN_EMPTY_BODY = YES;
				CLANG_WARN_ENUM_CONVERSION = YES;
				CLANG_WARN_INFINITE_RECURSION = YES;
				CLANG_WARN_INT_CONVERSION = YES;
				CLANG_WARN_NON_LITERAL_NULL_CONVERSION = YES;
				CLANG_WARN_OBJC_LITERAL_CONVERSION = YES;
				CLANG_WARN_OBJC_ROOT_CLASS = YES_ERROR;
				CLANG_WARN_RANGE_LOOP_ANALYSIS = YES;
				CLANG_WARN_STRICT_PROTOTYPES = YES;
				CLANG_WARN_SUSPICIOUS_MOVE = YES;
				CLANG_WARN_UNGUARDED_AVAILABILITY = YES_AGGRESSIVE;
				CLANG_WARN_UNREACHABLE_CODE = YES;
				CLANG_WARN__DUPLICATE_METHOD_MATCH = YES;
				CODE_SIGN_IDENTITY = "iPhone Developer";
				COPY_PHASE_STRIP = NO;
				DEBUG_INFORMATION_FORMAT = dwarf;
				ENABLE_STRICT_OBJC_MSGSEND = YES;
				ENABLE_TESTABILITY = YES;
				GCC_C_LANGUAGE_STANDARD = gnu11;
				GCC_DYNAMIC_NO_PIC = NO;
				GCC_NO_COMMON_BLOCKS = YES;
				GCC_OPTIMIZATION_LEVEL = 0;
				GCC_PREPROCESSOR_DEFINITIONS = (
					"DEBUG=1",
					"$(inherited)",
				);
				GCC_WARN_64_TO_32_BIT_CONVERSION = YES;
				GCC_WARN_ABOUT_RETURN_TYPE = YES_ERROR;
				GCC_WARN_UNDECLARED_SELECTOR = YES;
				GCC_WARN_UNINITIALIZED_AUTOS = YES_AGGRESSIVE;
				GCC_WARN_UNUSED_FUNCTION = YES;
				GCC_WARN_UNUSED_VARIABLE = YES;
				IPHONEOS_DEPLOYMENT_TARGET = 10.0;
				MTL_ENABLE_DEBUG_INFO = YES;
				ONLY_ACTIVE_ARCH = YES;
				SDKROOT = iphoneos;
				SWIFT_ACTIVE_COMPILATION_CONDITIONS = DEBUG;
				SWIFT_OPTIMIZATION_LEVEL = "-Onone";
			};
			name = Debug;
		};
		9A9CE141204CD3C300ABE7CE /* Release */ = {
			isa = XCBuildConfiguration;
			buildSettings = {
				ALWAYS_SEARCH_USER_PATHS = NO;
				CLANG_ANALYZER_NONNULL = YES;
				CLANG_ANALYZER_NUMBER_OBJECT_CONVERSION = YES_AGGRESSIVE;
				CLANG_CXX_LANGUAGE_STANDARD = "gnu++14";
				CLANG_CXX_LIBRARY = "libc++";
				CLANG_ENABLE_MODULES = YES;
				CLANG_ENABLE_OBJC_ARC = YES;
				CLANG_WARN_BLOCK_CAPTURE_AUTORELEASING = YES;
				CLANG_WARN_BOOL_CONVERSION = YES;
				CLANG_WARN_COMMA = YES;
				CLANG_WARN_CONSTANT_CONVERSION = YES;
				CLANG_WARN_DIRECT_OBJC_ISA_USAGE = YES_ERROR;
				CLANG_WARN_DOCUMENTATION_COMMENTS = YES;
				CLANG_WARN_EMPTY_BODY = YES;
				CLANG_WARN_ENUM_CONVERSION = YES;
				CLANG_WARN_INFINITE_RECURSION = YES;
				CLANG_WARN_INT_CONVERSION = YES;
				CLANG_WARN_NON_LITERAL_NULL_CONVERSION = YES;
				CLANG_WARN_OBJC_LITERAL_CONVERSION = YES;
				CLANG_WARN_OBJC_ROOT_CLASS = YES_ERROR;
				CLANG_WARN_RANGE_LOOP_ANALYSIS = YES;
				CLANG_WARN_STRICT_PROTOTYPES = YES;
				CLANG_WARN_SUSPICIOUS_MOVE = YES;
				CLANG_WARN_UNGUARDED_AVAILABILITY = YES_AGGRESSIVE;
				CLANG_WARN_UNREACHABLE_CODE = YES;
				CLANG_WARN__DUPLICATE_METHOD_MATCH = YES;
				CODE_SIGN_IDENTITY = "iPhone Developer";
				COPY_PHASE_STRIP = NO;
				DEBUG_INFORMATION_FORMAT = "dwarf-with-dsym";
				ENABLE_NS_ASSERTIONS = NO;
				ENABLE_STRICT_OBJC_MSGSEND = YES;
				GCC_C_LANGUAGE_STANDARD = gnu11;
				GCC_NO_COMMON_BLOCKS = YES;
				GCC_WARN_64_TO_32_BIT_CONVERSION = YES;
				GCC_WARN_ABOUT_RETURN_TYPE = YES_ERROR;
				GCC_WARN_UNDECLARED_SELECTOR = YES;
				GCC_WARN_UNINITIALIZED_AUTOS = YES_AGGRESSIVE;
				GCC_WARN_UNUSED_FUNCTION = YES;
				GCC_WARN_UNUSED_VARIABLE = YES;
				IPHONEOS_DEPLOYMENT_TARGET = 10.0;
				MTL_ENABLE_DEBUG_INFO = NO;
				SDKROOT = iphoneos;
				SWIFT_OPTIMIZATION_LEVEL = "-Owholemodule";
				VALIDATE_PRODUCT = YES;
			};
			name = Release;
		};
		9A9CE143204CD3C300ABE7CE /* Debug */ = {
			isa = XCBuildConfiguration;
			buildSettings = {
				ASSETCATALOG_COMPILER_APPICON_NAME = AppIcon;
				CODE_SIGN_STYLE = Automatic;
				DEVELOPMENT_TEAM = U38WFWB5D6;
				INFOPLIST_FILE = ContainerViewBehavior/Info.plist;
				LD_RUNPATH_SEARCH_PATHS = "$(inherited) @executable_path/Frameworks";
				PRODUCT_BUNDLE_IDENTIFIER = jp.aryzae.ContainerViewBehavior;
				PRODUCT_NAME = "$(TARGET_NAME)";
				SWIFT_VERSION = 4.0;
				TARGETED_DEVICE_FAMILY = "1,2";
			};
			name = Debug;
		};
		9A9CE144204CD3C300ABE7CE /* Release */ = {
			isa = XCBuildConfiguration;
			buildSettings = {
				ASSETCATALOG_COMPILER_APPICON_NAME = AppIcon;
				CODE_SIGN_STYLE = Automatic;
				DEVELOPMENT_TEAM = U38WFWB5D6;
				INFOPLIST_FILE = ContainerViewBehavior/Info.plist;
				LD_RUNPATH_SEARCH_PATHS = "$(inherited) @executable_path/Frameworks";
				PRODUCT_BUNDLE_IDENTIFIER = jp.aryzae.ContainerViewBehavior;
				PRODUCT_NAME = "$(TARGET_NAME)";
				SWIFT_VERSION = 4.0;
				TARGETED_DEVICE_FAMILY = "1,2";
			};
			name = Release;
		};
		9A9CE146204CD3C300ABE7CE /* Debug */ = {
			isa = XCBuildConfiguration;
			buildSettings = {
				ALWAYS_EMBED_SWIFT_STANDARD_LIBRARIES = YES;
				BUNDLE_LOADER = "$(TEST_HOST)";
				CODE_SIGN_STYLE = Automatic;
				DEVELOPMENT_TEAM = U38WFWB5D6;
				INFOPLIST_FILE = ContainerViewBehaviorTests/Info.plist;
				LD_RUNPATH_SEARCH_PATHS = "$(inherited) @executable_path/Frameworks @loader_path/Frameworks";
				PRODUCT_BUNDLE_IDENTIFIER = jp.aryzae.ContainerViewBehaviorTests;
				PRODUCT_NAME = "$(TARGET_NAME)";
				SWIFT_VERSION = 4.0;
				TARGETED_DEVICE_FAMILY = "1,2";
				TEST_HOST = "$(BUILT_PRODUCTS_DIR)/ContainerViewBehavior.app/ContainerViewBehavior";
			};
			name = Debug;
		};
		9A9CE147204CD3C300ABE7CE /* Release */ = {
			isa = XCBuildConfiguration;
			buildSettings = {
				ALWAYS_EMBED_SWIFT_STANDARD_LIBRARIES = YES;
				BUNDLE_LOADER = "$(TEST_HOST)";
				CODE_SIGN_STYLE = Automatic;
				DEVELOPMENT_TEAM = U38WFWB5D6;
				INFOPLIST_FILE = ContainerViewBehaviorTests/Info.plist;
				LD_RUNPATH_SEARCH_PATHS = "$(inherited) @executable_path/Frameworks @loader_path/Frameworks";
				PRODUCT_BUNDLE_IDENTIFIER = jp.aryzae.ContainerViewBehaviorTests;
				PRODUCT_NAME = "$(TARGET_NAME)";
				SWIFT_VERSION = 4.0;
				TARGETED_DEVICE_FAMILY = "1,2";
				TEST_HOST = "$(BUILT_PRODUCTS_DIR)/ContainerViewBehavior.app/ContainerViewBehavior";
			};
			name = Release;
		};
		9A9CE149204CD3C300ABE7CE /* Debug */ = {
			isa = XCBuildConfiguration;
			buildSettings = {
				ALWAYS_EMBED_SWIFT_STANDARD_LIBRARIES = YES;
				CODE_SIGN_STYLE = Automatic;
				DEVELOPMENT_TEAM = U38WFWB5D6;
				INFOPLIST_FILE = ContainerViewBehaviorUITests/Info.plist;
				LD_RUNPATH_SEARCH_PATHS = "$(inherited) @executable_path/Frameworks @loader_path/Frameworks";
				PRODUCT_BUNDLE_IDENTIFIER = jp.aryzae.ContainerViewBehaviorUITests;
				PRODUCT_NAME = "$(TARGET_NAME)";
				SWIFT_VERSION = 4.0;
				TARGETED_DEVICE_FAMILY = "1,2";
				TEST_TARGET_NAME = ContainerViewBehavior;
			};
			name = Debug;
		};
		9A9CE14A204CD3C300ABE7CE /* Release */ = {
			isa = XCBuildConfiguration;
			buildSettings = {
				ALWAYS_EMBED_SWIFT_STANDARD_LIBRARIES = YES;
				CODE_SIGN_STYLE = Automatic;
				DEVELOPMENT_TEAM = U38WFWB5D6;
				INFOPLIST_FILE = ContainerViewBehaviorUITests/Info.plist;
				LD_RUNPATH_SEARCH_PATHS = "$(inherited) @executable_path/Frameworks @loader_path/Frameworks";
				PRODUCT_BUNDLE_IDENTIFIER = jp.aryzae.ContainerViewBehaviorUITests;
				PRODUCT_NAME = "$(TARGET_NAME)";
				SWIFT_VERSION = 4.0;
				TARGETED_DEVICE_FAMILY = "1,2";
				TEST_TARGET_NAME = ContainerViewBehavior;
			};
			name = Release;
		};
/* End XCBuildConfiguration section */

/* Begin XCConfigurationList section */
		9A9CE115204CD3C300ABE7CE /* Build configuration list for PBXProject "ContainerViewBehavior" */ = {
			isa = XCConfigurationList;
			buildConfigurations = (
				9A9CE140204CD3C300ABE7CE /* Debug */,
				9A9CE141204CD3C300ABE7CE /* Release */,
			);
			defaultConfigurationIsVisible = 0;
			defaultConfigurationName = Release;
		};
		9A9CE142204CD3C300ABE7CE /* Build configuration list for PBXNativeTarget "ContainerViewBehavior" */ = {
			isa = XCConfigurationList;
			buildConfigurations = (
				9A9CE143204CD3C300ABE7CE /* Debug */,
				9A9CE144204CD3C300ABE7CE /* Release */,
			);
			defaultConfigurationIsVisible = 0;
			defaultConfigurationName = Release;
		};
		9A9CE145204CD3C300ABE7CE /* Build configuration list for PBXNativeTarget "ContainerViewBehaviorTests" */ = {
			isa = XCConfigurationList;
			buildConfigurations = (
				9A9CE146204CD3C300ABE7CE /* Debug */,
				9A9CE147204CD3C300ABE7CE /* Release */,
			);
			defaultConfigurationIsVisible = 0;
			defaultConfigurationName = Release;
		};
		9A9CE148204CD3C300ABE7CE /* Build configuration list for PBXNativeTarget "ContainerViewBehaviorUITests" */ = {
			isa = XCConfigurationList;
			buildConfigurations = (
				9A9CE149204CD3C300ABE7CE /* Debug */,
				9A9CE14A204CD3C300ABE7CE /* Release */,
			);
			defaultConfigurationIsVisible = 0;
			defaultConfigurationName = Release;
		};
/* End XCConfigurationList section */
	};
	rootObject = 9A9CE112204CD3C300ABE7CE /* Project object */;
}
